
Microsoft Visual Studio Solution File, Format Version 12.00
# Visual Studio Version 16
VisualStudioVersion = 16.0.29215.179
MinimumVisualStudioVersion = 10.0.40219.1
Project("{FAE04EC0-301F-11D3-BF4B-00C04F79EFBC}") = "Exercise1", "Exercise1\Exercise1.csproj", "{10C555D9-6C41-4D43-9C63-10DE84A77144}"
EndProject
Project("{FAE04EC0-301F-11D3-BF4B-00C04F79EFBC}") = "Exercise2", "Exercise2\Exercise2.csproj", "{FDB5B154-0882-4D72-864C-1FAF3E5BE5EE}"
EndProject
Project("{FAE04EC0-301F-11D3-BF4B-00C04F79EFBC}") = "Exercise3", "Exercise3\Exercise3.csproj", "{FABABC9C-E240-4345-8FF1-40B41F0AACBB}"
EndProject
Project("{FAE04EC0-301F-11D3-BF4B-00C04F79EFBC}") = "Exercise4", "Exercise4\Exercise4.csproj", "{2FB8B760-708C-42C1-9497-D34EA59A153F}"
EndProject
Project("{FAE04EC0-301F-11D3-BF4B-00C04F79EFBC}") = "Exercise5", "Exercise5\Exercise5.csproj", "{48573E4C-E3C2-459F-856A-6FDBBCA7E78C}"
EndProject
Global
	GlobalSection(SolutionConfigurationPlatforms) = preSolution
		Debug|Any CPU = Debug|Any CPU
		Release|Any CPU = Release|Any CPU
	EndGlobalSection
	GlobalSection(ProjectConfigurationPlatforms) = postSolution
		{10C555D9-6C41-4D43-9C63-10DE84A77144}.Debug|Any CPU.ActiveCfg = Debug|Any CPU
		{10C555D9-6C41-4D43-9C63-10DE84A77144}.Debug|Any CPU.Build.0 = Debug|Any CPU
		{10C555D9-6C41-4D43-9C63-10DE84A77144}.Release|Any CPU.ActiveCfg = Release|Any CPU
		{10C555D9-6C41-4D43-9C63-10DE84A77144}.Release|Any CPU.Build.0 = Release|Any CPU
		{FDB5B154-0882-4D72-864C-1FAF3E5BE5EE}.Debug|Any CPU.ActiveCfg = Debug|Any CPU
		{FDB5B154-0882-4D72-864C-1FAF3E5BE5EE}.Debug|Any CPU.Build.0 = Debug|Any CPU
		{FDB5B154-0882-4D72-864C-1FAF3E5BE5EE}.Release|Any CPU.ActiveCfg = Release|Any CPU
		{FDB5B154-0882-4D72-864C-1FAF3E5BE5EE}.Release|Any CPU.Build.0 = Release|Any CPU
		{FABABC9C-E240-4345-8FF1-40B41F0AACBB}.Debug|Any CPU.ActiveCfg = Debug|Any CPU
		{FABABC9C-E240-4345-8FF1-40B41F0AACBB}.Debug|Any CPU.Build.0 = Debug|Any CPU
		{FABABC9C-E240-4345-8FF1-40B41F0AACBB}.Release|Any CPU.ActiveCfg = Release|Any CPU
		{FABABC9C-E240-4345-8FF1-40B41F0AACBB}.Release|Any CPU.Build.0 = Release|Any CPU
		{2FB8B760-708C-42C1-9497-D34EA59A153F}.Debug|Any CPU.ActiveCfg = Debug|Any CPU
		{2FB8B760-708C-42C1-9497-D34EA59A153F}.Debug|Any CPU.Build.0 = Debug|Any CPU
		{2FB8B760-708C-42C1-9497-D34EA59A153F}.Release|Any CPU.ActiveCfg = Release|Any CPU
		{2FB8B760-708C-42C1-9497-D34EA59A153F}.Release|Any CPU.Build.0 = Release|Any CPU
		{48573E4C-E3C2-459F-856A-6FDBBCA7E78C}.Debug|Any CPU.ActiveCfg = Debug|Any CPU
		{48573E4C-E3C2-459F-856A-6FDBBCA7E78C}.Debug|Any CPU.Build.0 = Debug|Any CPU
		{48573E4C-E3C2-459F-856A-6FDBBCA7E78C}.Release|Any CPU.ActiveCfg = Release|Any CPU
		{48573E4C-E3C2-459F-856A-6FDBBCA7E78C}.Release|Any CPU.Build.0 = Release|Any CPU
	EndGlobalSection
	GlobalSection(SolutionProperties) = preSolution
		HideSolutionNode = FALSE
	EndGlobalSection
	GlobalSection(ExtensibilityGlobals) = postSolution
		SolutionGuid = {65D59084-CE97-4735-BEAA-77438DDFCDF3}
	EndGlobalSection
EndGlobal
