
Microsoft Visual Studio Solution File, Format Version 12.00
# Visual Studio Version 16
VisualStudioVersion = 16.0.29709.97
MinimumVisualStudioVersion = 10.0.40219.1
Project("{FAE04EC0-301F-11D3-BF4B-00C04F79EFBC}") = "Assignment 1", "Assignment 1\Assignment 1.csproj", "{76F92A65-BB2D-4DC6-B33E-F39EDAEB1BE8}"
EndProject
Project("{FAE04EC0-301F-11D3-BF4B-00C04F79EFBC}") = "Assignment 2", "Assignment 2\Assignment 2.csproj", "{C699FEB9-2909-4C54-AF70-49B1F51D685B}"
EndProject
Global
	GlobalSection(SolutionConfigurationPlatforms) = preSolution
		Debug|Any CPU = Debug|Any CPU
		Release|Any CPU = Release|Any CPU
	EndGlobalSection
	GlobalSection(ProjectConfigurationPlatforms) = postSolution
		{76F92A65-BB2D-4DC6-B33E-F39EDAEB1BE8}.Debug|Any CPU.ActiveCfg = Debug|Any CPU
		{76F92A65-BB2D-4DC6-B33E-F39EDAEB1BE8}.Debug|Any CPU.Build.0 = Debug|Any CPU
		{76F92A65-BB2D-4DC6-B33E-F39EDAEB1BE8}.Release|Any CPU.ActiveCfg = Release|Any CPU
		{76F92A65-BB2D-4DC6-B33E-F39EDAEB1BE8}.Release|Any CPU.Build.0 = Release|Any CPU
		{C699FEB9-2909-4C54-AF70-49B1F51D685B}.Debug|Any CPU.ActiveCfg = Debug|Any CPU
		{C699FEB9-2909-4C54-AF70-49B1F51D685B}.Debug|Any CPU.Build.0 = Debug|Any CPU
		{C699FEB9-2909-4C54-AF70-49B1F51D685B}.Release|Any CPU.ActiveCfg = Release|Any CPU
		{C699FEB9-2909-4C54-AF70-49B1F51D685B}.Release|Any CPU.Build.0 = Release|Any CPU
	EndGlobalSection
	GlobalSection(SolutionProperties) = preSolution
		HideSolutionNode = FALSE
	EndGlobalSection
	GlobalSection(ExtensibilityGlobals) = postSolution
		SolutionGuid = {EB65059C-AEFC-45ED-803D-437A4E04864B}
	EndGlobalSection
EndGlobal
