
Microsoft Visual Studio Solution File, Format Version 12.00
# Visual Studio Version 16
VisualStudioVersion = 16.0.29728.190
MinimumVisualStudioVersion = 10.0.40219.1
Project("{FAE04EC0-301F-11D3-BF4B-00C04F79EFBC}") = "UI", "Assignment 1\UI.csproj", "{96AEEF57-81F1-46CD-9E4C-511764F9BE42}"
EndProject
Project("{FAE04EC0-301F-11D3-BF4B-00C04F79EFBC}") = "Model", "Model\Model.csproj", "{C36B9F05-8FDF-4FC8-BE9C-776B1D7D960A}"
EndProject
Project("{FAE04EC0-301F-11D3-BF4B-00C04F79EFBC}") = "DAL", "DAL\DAL.csproj", "{287ED787-E69C-4DED-8161-2DCDCFAC18AA}"
EndProject
Global
	GlobalSection(SolutionConfigurationPlatforms) = preSolution
		Debug|Any CPU = Debug|Any CPU
		Release|Any CPU = Release|Any CPU
	EndGlobalSection
	GlobalSection(ProjectConfigurationPlatforms) = postSolution
		{96AEEF57-81F1-46CD-9E4C-511764F9BE42}.Debug|Any CPU.ActiveCfg = Debug|Any CPU
		{96AEEF57-81F1-46CD-9E4C-511764F9BE42}.Debug|Any CPU.Build.0 = Debug|Any CPU
		{96AEEF57-81F1-46CD-9E4C-511764F9BE42}.Release|Any CPU.ActiveCfg = Release|Any CPU
		{96AEEF57-81F1-46CD-9E4C-511764F9BE42}.Release|Any CPU.Build.0 = Release|Any CPU
		{C36B9F05-8FDF-4FC8-BE9C-776B1D7D960A}.Debug|Any CPU.ActiveCfg = Debug|Any CPU
		{C36B9F05-8FDF-4FC8-BE9C-776B1D7D960A}.Debug|Any CPU.Build.0 = Debug|Any CPU
		{C36B9F05-8FDF-4FC8-BE9C-776B1D7D960A}.Release|Any CPU.ActiveCfg = Release|Any CPU
		{C36B9F05-8FDF-4FC8-BE9C-776B1D7D960A}.Release|Any CPU.Build.0 = Release|Any CPU
		{287ED787-E69C-4DED-8161-2DCDCFAC18AA}.Debug|Any CPU.ActiveCfg = Debug|Any CPU
		{287ED787-E69C-4DED-8161-2DCDCFAC18AA}.Debug|Any CPU.Build.0 = Debug|Any CPU
		{287ED787-E69C-4DED-8161-2DCDCFAC18AA}.Release|Any CPU.ActiveCfg = Release|Any CPU
		{287ED787-E69C-4DED-8161-2DCDCFAC18AA}.Release|Any CPU.Build.0 = Release|Any CPU
	EndGlobalSection
	GlobalSection(SolutionProperties) = preSolution
		HideSolutionNode = FALSE
	EndGlobalSection
	GlobalSection(ExtensibilityGlobals) = postSolution
		SolutionGuid = {E42205B1-AAEB-4130-87AC-CAF223B0FCC4}
	EndGlobalSection
EndGlobal
