
Microsoft Visual Studio Solution File, Format Version 12.00
# Visual Studio Version 16
VisualStudioVersion = 16.0.29215.179
MinimumVisualStudioVersion = 10.0.40219.1
Project("{FAE04EC0-301F-11D3-BF4B-00C04F79EFBC}") = "Assignment 1", "Assignment 1\Assignment 1.csproj", "{5EE638A0-FC35-453E-B5F0-4E4347D33F6D}"
EndProject
Project("{FAE04EC0-301F-11D3-BF4B-00C04F79EFBC}") = "Assignment 2", "Assignment 2\Assignment 2.csproj", "{46F9052B-EDBA-42B2-A3DE-49413F5A7835}"
EndProject
Global
	GlobalSection(SolutionConfigurationPlatforms) = preSolution
		Debug|Any CPU = Debug|Any CPU
		Release|Any CPU = Release|Any CPU
	EndGlobalSection
	GlobalSection(ProjectConfigurationPlatforms) = postSolution
		{5EE638A0-FC35-453E-B5F0-4E4347D33F6D}.Debug|Any CPU.ActiveCfg = Debug|Any CPU
		{5EE638A0-FC35-453E-B5F0-4E4347D33F6D}.Debug|Any CPU.Build.0 = Debug|Any CPU
		{5EE638A0-FC35-453E-B5F0-4E4347D33F6D}.Release|Any CPU.ActiveCfg = Release|Any CPU
		{5EE638A0-FC35-453E-B5F0-4E4347D33F6D}.Release|Any CPU.Build.0 = Release|Any CPU
		{46F9052B-EDBA-42B2-A3DE-49413F5A7835}.Debug|Any CPU.ActiveCfg = Debug|Any CPU
		{46F9052B-EDBA-42B2-A3DE-49413F5A7835}.Debug|Any CPU.Build.0 = Debug|Any CPU
		{46F9052B-EDBA-42B2-A3DE-49413F5A7835}.Release|Any CPU.ActiveCfg = Release|Any CPU
		{46F9052B-EDBA-42B2-A3DE-49413F5A7835}.Release|Any CPU.Build.0 = Release|Any CPU
	EndGlobalSection
	GlobalSection(SolutionProperties) = preSolution
		HideSolutionNode = FALSE
	EndGlobalSection
	GlobalSection(ExtensibilityGlobals) = postSolution
		SolutionGuid = {D4085CAB-6144-4900-889F-EBEABFF29555}
	EndGlobalSection
EndGlobal
